
Microsoft Visual Studio Solution File, Format Version 12.00
# Visual Studio Version 16
VisualStudioVersion = 16.0.29613.14
MinimumVisualStudioVersion = 10.0.40219.1
Project("{FAE04EC0-301F-11D3-BF4B-00C04F79EFBC}") = "LatihanMigration", "LatihanMigration\LatihanMigration.csproj", "{18BD2752-0FFB-4535-91E7-E9073DF5F5CD}"
EndProject
Project("{FAE04EC0-301F-11D3-BF4B-00C04F79EFBC}") = "API", "API\API.csproj", "{56B10871-A3D5-4FEC-B5D1-65F8B27BA968}"
EndProject
Global
	GlobalSection(SolutionConfigurationPlatforms) = preSolution
		Debug|Any CPU = Debug|Any CPU
		Release|Any CPU = Release|Any CPU
	EndGlobalSection
	GlobalSection(ProjectConfigurationPlatforms) = postSolution
		{18BD2752-0FFB-4535-91E7-E9073DF5F5CD}.Debug|Any CPU.ActiveCfg = Debug|Any CPU
		{18BD2752-0FFB-4535-91E7-E9073DF5F5CD}.Debug|Any CPU.Build.0 = Debug|Any CPU
		{18BD2752-0FFB-4535-91E7-E9073DF5F5CD}.Release|Any CPU.ActiveCfg = Release|Any CPU
		{18BD2752-0FFB-4535-91E7-E9073DF5F5CD}.Release|Any CPU.Build.0 = Release|Any CPU
		{56B10871-A3D5-4FEC-B5D1-65F8B27BA968}.Debug|Any CPU.ActiveCfg = Debug|Any CPU
		{56B10871-A3D5-4FEC-B5D1-65F8B27BA968}.Debug|Any CPU.Build.0 = Debug|Any CPU
		{56B10871-A3D5-4FEC-B5D1-65F8B27BA968}.Release|Any CPU.ActiveCfg = Release|Any CPU
		{56B10871-A3D5-4FEC-B5D1-65F8B27BA968}.Release|Any CPU.Build.0 = Release|Any CPU
	EndGlobalSection
	GlobalSection(SolutionProperties) = preSolution
		HideSolutionNode = FALSE
	EndGlobalSection
	GlobalSection(ExtensibilityGlobals) = postSolution
		SolutionGuid = {FA11DC72-8262-4BC4-8669-F6C8A1712067}
	EndGlobalSection
EndGlobal
